
Microsoft Visual Studio Solution File, Format Version 12.00
# Visual Studio Version 17
VisualStudioVersion = 17.0.31903.59
MinimumVisualStudioVersion = 10.0.40219.1
Project("{2150E333-8FDC-42A3-9474-1A3956D46DE8}") = "src", "src", "{827E0CD3-B72D-47B6-A68D-7590B98EB39B}"
EndProject
Project("{FAE04EC0-301F-11D3-BF4B-00C04F79EFBC}") = "PersonaliPonto.Shared", "src\PersonaliPonto.Shared\PersonaliPonto.Shared.csproj", "{E9FF05EB-6DE5-48E2-A748-1ED5A1CE9E72}"
EndProject
Project("{FAE04EC0-301F-11D3-BF4B-00C04F79EFBC}") = "PersonaliPonto.Core.RepP", "src\PersonaliPonto.Core.RepP\PersonaliPonto.Core.RepP.csproj", "{945BE7FA-B206-492A-9979-CD4760A6B982}"
EndProject
Project("{FAE04EC0-301F-11D3-BF4B-00C04F79EFBC}") = "PersonaliPonto.Modules.RH", "src\PersonaliPonto.Modules.RH\PersonaliPonto.Modules.RH.csproj", "{5B0A773B-5D16-47A2-8850-795EA3FC2B36}"
EndProject
Project("{FAE04EC0-301F-11D3-BF4B-00C04F79EFBC}") = "PersonaliPonto.Modules.Analytics", "src\PersonaliPonto.Modules.Analytics\PersonaliPonto.Modules.Analytics.csproj", "{9A110708-9BEE-44E9-9052-E74FCE650BD9}"
EndProject
Project("{FAE04EC0-301F-11D3-BF4B-00C04F79EFBC}") = "PersonaliPonto.Modules.SaaS", "src\PersonaliPonto.Modules.SaaS\PersonaliPonto.Modules.SaaS.csproj", "{BC0C2E07-2290-4F5D-B765-1F07AEBBAFCB}"
EndProject
Project("{FAE04EC0-301F-11D3-BF4B-00C04F79EFBC}") = "PersonaliPonto.Infrastructure", "src\PersonaliPonto.Infrastructure\PersonaliPonto.Infrastructure.csproj", "{D08679AC-05C3-4F4A-BC28-EEEB9C165F29}"
EndProject
Project("{FAE04EC0-301F-11D3-BF4B-00C04F79EFBC}") = "PersonaliPonto.Api", "src\PersonaliPonto.Api\PersonaliPonto.Api.csproj", "{A033E0B2-6B98-4050-81DD-5A1770130775}"
EndProject
Project("{FAE04EC0-301F-11D3-BF4B-00C04F79EFBC}") = "PersonaliPonto.Web", "src\PersonaliPonto.Web\PersonaliPonto.Web.csproj", "{BED1F24A-E5F8-4D7D-A1FE-A3595E2667F2}"
EndProject
Project("{2150E333-8FDC-42A3-9474-1A3956D46DE8}") = "tests", "tests", "{0AB3BF05-4346-4AA6-1389-037BE0695223}"
EndProject
Project("{FAE04EC0-301F-11D3-BF4B-00C04F79EFBC}") = "PersonaliPonto.Core.Tests", "tests\PersonaliPonto.Core.Tests\PersonaliPonto.Core.Tests.csproj", "{EFED1732-AD70-45F8-9EC3-AFDF0858A8F1}"
EndProject
Project("{FAE04EC0-301F-11D3-BF4B-00C04F79EFBC}") = "PersonaliPonto.IntegrationTests", "tests\PersonaliPonto.IntegrationTests\PersonaliPonto.IntegrationTests.csproj", "{5135DEFD-F9DE-419D-B77B-97EEEF8D1D8A}"
EndProject
Project("{FAE04EC0-301F-11D3-BF4B-00C04F79EFBC}") = "PersonaliPonto.Web.Tests", "tests\PersonaliPonto.Web.Tests\PersonaliPonto.Web.Tests.csproj", "{95CDF3F8-D548-4FCB-AB9D-468572592503}"
EndProject
Global
	GlobalSection(SolutionConfigurationPlatforms) = preSolution
		Debug|Any CPU = Debug|Any CPU
		Debug|x64 = Debug|x64
		Debug|x86 = Debug|x86
		Release|Any CPU = Release|Any CPU
		Release|x64 = Release|x64
		Release|x86 = Release|x86
	EndGlobalSection
	GlobalSection(ProjectConfigurationPlatforms) = postSolution
		{E9FF05EB-6DE5-48E2-A748-1ED5A1CE9E72}.Debug|Any CPU.ActiveCfg = Debug|Any CPU
		{E9FF05EB-6DE5-48E2-A748-1ED5A1CE9E72}.Debug|Any CPU.Build.0 = Debug|Any CPU
		{E9FF05EB-6DE5-48E2-A748-1ED5A1CE9E72}.Debug|x64.ActiveCfg = Debug|Any CPU
		{E9FF05EB-6DE5-48E2-A748-1ED5A1CE9E72}.Debug|x64.Build.0 = Debug|Any CPU
		{E9FF05EB-6DE5-48E2-A748-1ED5A1CE9E72}.Debug|x86.ActiveCfg = Debug|Any CPU
		{E9FF05EB-6DE5-48E2-A748-1ED5A1CE9E72}.Debug|x86.Build.0 = Debug|Any CPU
		{E9FF05EB-6DE5-48E2-A748-1ED5A1CE9E72}.Release|Any CPU.ActiveCfg = Release|Any CPU
		{E9FF05EB-6DE5-48E2-A748-1ED5A1CE9E72}.Release|Any CPU.Build.0 = Release|Any CPU
		{E9FF05EB-6DE5-48E2-A748-1ED5A1CE9E72}.Release|x64.ActiveCfg = Release|Any CPU
		{E9FF05EB-6DE5-48E2-A748-1ED5A1CE9E72}.Release|x64.Build.0 = Release|Any CPU
		{E9FF05EB-6DE5-48E2-A748-1ED5A1CE9E72}.Release|x86.ActiveCfg = Release|Any CPU
		{E9FF05EB-6DE5-48E2-A748-1ED5A1CE9E72}.Release|x86.Build.0 = Release|Any CPU
		{945BE7FA-B206-492A-9979-CD4760A6B982}.Debug|Any CPU.ActiveCfg = Debug|Any CPU
		{945BE7FA-B206-492A-9979-CD4760A6B982}.Debug|Any CPU.Build.0 = Debug|Any CPU
		{945BE7FA-B206-492A-9979-CD4760A6B982}.Debug|x64.ActiveCfg = Debug|Any CPU
		{945BE7FA-B206-492A-9979-CD4760A6B982}.Debug|x64.Build.0 = Debug|Any CPU
		{945BE7FA-B206-492A-9979-CD4760A6B982}.Debug|x86.ActiveCfg = Debug|Any CPU
		{945BE7FA-B206-492A-9979-CD4760A6B982}.Debug|x86.Build.0 = Debug|Any CPU
		{945BE7FA-B206-492A-9979-CD4760A6B982}.Release|Any CPU.ActiveCfg = Release|Any CPU
		{945BE7FA-B206-492A-9979-CD4760A6B982}.Release|Any CPU.Build.0 = Release|Any CPU
		{945BE7FA-B206-492A-9979-CD4760A6B982}.Release|x64.ActiveCfg = Release|Any CPU
		{945BE7FA-B206-492A-9979-CD4760A6B982}.Release|x64.Build.0 = Release|Any CPU
		{945BE7FA-B206-492A-9979-CD4760A6B982}.Release|x86.ActiveCfg = Release|Any CPU
		{945BE7FA-B206-492A-9979-CD4760A6B982}.Release|x86.Build.0 = Release|Any CPU
		{5B0A773B-5D16-47A2-8850-795EA3FC2B36}.Debug|Any CPU.ActiveCfg = Debug|Any CPU
		{5B0A773B-5D16-47A2-8850-795EA3FC2B36}.Debug|Any CPU.Build.0 = Debug|Any CPU
		{5B0A773B-5D16-47A2-8850-795EA3FC2B36}.Debug|x64.ActiveCfg = Debug|Any CPU
		{5B0A773B-5D16-47A2-8850-795EA3FC2B36}.Debug|x64.Build.0 = Debug|Any CPU
		{5B0A773B-5D16-47A2-8850-795EA3FC2B36}.Debug|x86.ActiveCfg = Debug|Any CPU
		{5B0A773B-5D16-47A2-8850-795EA3FC2B36}.Debug|x86.Build.0 = Debug|Any CPU
		{5B0A773B-5D16-47A2-8850-795EA3FC2B36}.Release|Any CPU.ActiveCfg = Release|Any CPU
		{5B0A773B-5D16-47A2-8850-795EA3FC2B36}.Release|Any CPU.Build.0 = Release|Any CPU
		{5B0A773B-5D16-47A2-8850-795EA3FC2B36}.Release|x64.ActiveCfg = Release|Any CPU
		{5B0A773B-5D16-47A2-8850-795EA3FC2B36}.Release|x64.Build.0 = Release|Any CPU
		{5B0A773B-5D16-47A2-8850-795EA3FC2B36}.Release|x86.ActiveCfg = Release|Any CPU
		{5B0A773B-5D16-47A2-8850-795EA3FC2B36}.Release|x86.Build.0 = Release|Any CPU
		{9A110708-9BEE-44E9-9052-E74FCE650BD9}.Debug|Any CPU.ActiveCfg = Debug|Any CPU
		{9A110708-9BEE-44E9-9052-E74FCE650BD9}.Debug|Any CPU.Build.0 = Debug|Any CPU
		{9A110708-9BEE-44E9-9052-E74FCE650BD9}.Debug|x64.ActiveCfg = Debug|Any CPU
		{9A110708-9BEE-44E9-9052-E74FCE650BD9}.Debug|x64.Build.0 = Debug|Any CPU
		{9A110708-9BEE-44E9-9052-E74FCE650BD9}.Debug|x86.ActiveCfg = Debug|Any CPU
		{9A110708-9BEE-44E9-9052-E74FCE650BD9}.Debug|x86.Build.0 = Debug|Any CPU
		{9A110708-9BEE-44E9-9052-E74FCE650BD9}.Release|Any CPU.ActiveCfg = Release|Any CPU
		{9A110708-9BEE-44E9-9052-E74FCE650BD9}.Release|Any CPU.Build.0 = Release|Any CPU
		{9A110708-9BEE-44E9-9052-E74FCE650BD9}.Release|x64.ActiveCfg = Release|Any CPU
		{9A110708-9BEE-44E9-9052-E74FCE650BD9}.Release|x64.Build.0 = Release|Any CPU
		{9A110708-9BEE-44E9-9052-E74FCE650BD9}.Release|x86.ActiveCfg = Release|Any CPU
		{9A110708-9BEE-44E9-9052-E74FCE650BD9}.Release|x86.Build.0 = Release|Any CPU
		{BC0C2E07-2290-4F5D-B765-1F07AEBBAFCB}.Debug|Any CPU.ActiveCfg = Debug|Any CPU
		{BC0C2E07-2290-4F5D-B765-1F07AEBBAFCB}.Debug|Any CPU.Build.0 = Debug|Any CPU
		{BC0C2E07-2290-4F5D-B765-1F07AEBBAFCB}.Debug|x64.ActiveCfg = Debug|Any CPU
		{BC0C2E07-2290-4F5D-B765-1F07AEBBAFCB}.Debug|x64.Build.0 = Debug|Any CPU
		{BC0C2E07-2290-4F5D-B765-1F07AEBBAFCB}.Debug|x86.ActiveCfg = Debug|Any CPU
		{BC0C2E07-2290-4F5D-B765-1F07AEBBAFCB}.Debug|x86.Build.0 = Debug|Any CPU
		{BC0C2E07-2290-4F5D-B765-1F07AEBBAFCB}.Release|Any CPU.ActiveCfg = Release|Any CPU
		{BC0C2E07-2290-4F5D-B765-1F07AEBBAFCB}.Release|Any CPU.Build.0 = Release|Any CPU
		{BC0C2E07-2290-4F5D-B765-1F07AEBBAFCB}.Release|x64.ActiveCfg = Release|Any CPU
		{BC0C2E07-2290-4F5D-B765-1F07AEBBAFCB}.Release|x64.Build.0 = Release|Any CPU
		{BC0C2E07-2290-4F5D-B765-1F07AEBBAFCB}.Release|x86.ActiveCfg = Release|Any CPU
		{BC0C2E07-2290-4F5D-B765-1F07AEBBAFCB}.Release|x86.Build.0 = Release|Any CPU
		{D08679AC-05C3-4F4A-BC28-EEEB9C165F29}.Debug|Any CPU.ActiveCfg = Debug|Any CPU
		{D08679AC-05C3-4F4A-BC28-EEEB9C165F29}.Debug|Any CPU.Build.0 = Debug|Any CPU
		{D08679AC-05C3-4F4A-BC28-EEEB9C165F29}.Debug|x64.ActiveCfg = Debug|Any CPU
		{D08679AC-05C3-4F4A-BC28-EEEB9C165F29}.Debug|x64.Build.0 = Debug|Any CPU
		{D08679AC-05C3-4F4A-BC28-EEEB9C165F29}.Debug|x86.ActiveCfg = Debug|Any CPU
		{D08679AC-05C3-4F4A-BC28-EEEB9C165F29}.Debug|x86.Build.0 = Debug|Any CPU
		{D08679AC-05C3-4F4A-BC28-EEEB9C165F29}.Release|Any CPU.ActiveCfg = Release|Any CPU
		{D08679AC-05C3-4F4A-BC28-EEEB9C165F29}.Release|Any CPU.Build.0 = Release|Any CPU
		{D08679AC-05C3-4F4A-BC28-EEEB9C165F29}.Release|x64.ActiveCfg = Release|Any CPU
		{D08679AC-05C3-4F4A-BC28-EEEB9C165F29}.Release|x64.Build.0 = Release|Any CPU
		{D08679AC-05C3-4F4A-BC28-EEEB9C165F29}.Release|x86.ActiveCfg = Release|Any CPU
		{D08679AC-05C3-4F4A-BC28-EEEB9C165F29}.Release|x86.Build.0 = Release|Any CPU
		{A033E0B2-6B98-4050-81DD-5A1770130775}.Debug|Any CPU.ActiveCfg = Debug|Any CPU
		{A033E0B2-6B98-4050-81DD-5A1770130775}.Debug|Any CPU.Build.0 = Debug|Any CPU
		{A033E0B2-6B98-4050-81DD-5A1770130775}.Debug|x64.ActiveCfg = Debug|Any CPU
		{A033E0B2-6B98-4050-81DD-5A1770130775}.Debug|x64.Build.0 = Debug|Any CPU
		{A033E0B2-6B98-4050-81DD-5A1770130775}.Debug|x86.ActiveCfg = Debug|Any CPU
		{A033E0B2-6B98-4050-81DD-5A1770130775}.Debug|x86.Build.0 = Debug|Any CPU
		{A033E0B2-6B98-4050-81DD-5A1770130775}.Release|Any CPU.ActiveCfg = Release|Any CPU
		{A033E0B2-6B98-4050-81DD-5A1770130775}.Release|Any CPU.Build.0 = Release|Any CPU
		{A033E0B2-6B98-4050-81DD-5A1770130775}.Release|x64.ActiveCfg = Release|Any CPU
		{A033E0B2-6B98-4050-81DD-5A1770130775}.Release|x64.Build.0 = Release|Any CPU
		{A033E0B2-6B98-4050-81DD-5A1770130775}.Release|x86.ActiveCfg = Release|Any CPU
		{A033E0B2-6B98-4050-81DD-5A1770130775}.Release|x86.Build.0 = Release|Any CPU
		{BED1F24A-E5F8-4D7D-A1FE-A3595E2667F2}.Debug|Any CPU.ActiveCfg = Debug|Any CPU
		{BED1F24A-E5F8-4D7D-A1FE-A3595E2667F2}.Debug|Any CPU.Build.0 = Debug|Any CPU
		{BED1F24A-E5F8-4D7D-A1FE-A3595E2667F2}.Debug|x64.ActiveCfg = Debug|Any CPU
		{BED1F24A-E5F8-4D7D-A1FE-A3595E2667F2}.Debug|x64.Build.0 = Debug|Any CPU
		{BED1F24A-E5F8-4D7D-A1FE-A3595E2667F2}.Debug|x86.ActiveCfg = Debug|Any CPU
		{BED1F24A-E5F8-4D7D-A1FE-A3595E2667F2}.Debug|x86.Build.0 = Debug|Any CPU
		{BED1F24A-E5F8-4D7D-A1FE-A3595E2667F2}.Release|Any CPU.ActiveCfg = Release|Any CPU
		{BED1F24A-E5F8-4D7D-A1FE-A3595E2667F2}.Release|Any CPU.Build.0 = Release|Any CPU
		{BED1F24A-E5F8-4D7D-A1FE-A3595E2667F2}.Release|x64.ActiveCfg = Release|Any CPU
		{BED1F24A-E5F8-4D7D-A1FE-A3595E2667F2}.Release|x64.Build.0 = Release|Any CPU
		{BED1F24A-E5F8-4D7D-A1FE-A3595E2667F2}.Release|x86.ActiveCfg = Release|Any CPU
		{BED1F24A-E5F8-4D7D-A1FE-A3595E2667F2}.Release|x86.Build.0 = Release|Any CPU
		{EFED1732-AD70-45F8-9EC3-AFDF0858A8F1}.Debug|Any CPU.ActiveCfg = Debug|Any CPU
		{EFED1732-AD70-45F8-9EC3-AFDF0858A8F1}.Debug|Any CPU.Build.0 = Debug|Any CPU
		{EFED1732-AD70-45F8-9EC3-AFDF0858A8F1}.Debug|x64.ActiveCfg = Debug|Any CPU
		{EFED1732-AD70-45F8-9EC3-AFDF0858A8F1}.Debug|x64.Build.0 = Debug|Any CPU
		{EFED1732-AD70-45F8-9EC3-AFDF0858A8F1}.Debug|x86.ActiveCfg = Debug|Any CPU
		{EFED1732-AD70-45F8-9EC3-AFDF0858A8F1}.Debug|x86.Build.0 = Debug|Any CPU
		{EFED1732-AD70-45F8-9EC3-AFDF0858A8F1}.Release|Any CPU.ActiveCfg = Release|Any CPU
		{EFED1732-AD70-45F8-9EC3-AFDF0858A8F1}.Release|Any CPU.Build.0 = Release|Any CPU
		{EFED1732-AD70-45F8-9EC3-AFDF0858A8F1}.Release|x64.ActiveCfg = Release|Any CPU
		{EFED1732-AD70-45F8-9EC3-AFDF0858A8F1}.Release|x64.Build.0 = Release|Any CPU
		{EFED1732-AD70-45F8-9EC3-AFDF0858A8F1}.Release|x86.ActiveCfg = Release|Any CPU
		{EFED1732-AD70-45F8-9EC3-AFDF0858A8F1}.Release|x86.Build.0 = Release|Any CPU
		{5135DEFD-F9DE-419D-B77B-97EEEF8D1D8A}.Debug|Any CPU.ActiveCfg = Debug|Any CPU
		{5135DEFD-F9DE-419D-B77B-97EEEF8D1D8A}.Debug|Any CPU.Build.0 = Debug|Any CPU
		{5135DEFD-F9DE-419D-B77B-97EEEF8D1D8A}.Debug|x64.ActiveCfg = Debug|Any CPU
		{5135DEFD-F9DE-419D-B77B-97EEEF8D1D8A}.Debug|x64.Build.0 = Debug|Any CPU
		{5135DEFD-F9DE-419D-B77B-97EEEF8D1D8A}.Debug|x86.ActiveCfg = Debug|Any CPU
		{5135DEFD-F9DE-419D-B77B-97EEEF8D1D8A}.Debug|x86.Build.0 = Debug|Any CPU
		{5135DEFD-F9DE-419D-B77B-97EEEF8D1D8A}.Release|Any CPU.ActiveCfg = Release|Any CPU
		{5135DEFD-F9DE-419D-B77B-97EEEF8D1D8A}.Release|Any CPU.Build.0 = Release|Any CPU
		{5135DEFD-F9DE-419D-B77B-97EEEF8D1D8A}.Release|x64.ActiveCfg = Release|Any CPU
		{5135DEFD-F9DE-419D-B77B-97EEEF8D1D8A}.Release|x64.Build.0 = Release|Any CPU
		{5135DEFD-F9DE-419D-B77B-97EEEF8D1D8A}.Release|x86.ActiveCfg = Release|Any CPU
		{5135DEFD-F9DE-419D-B77B-97EEEF8D1D8A}.Release|x86.Build.0 = Release|Any CPU
		{95CDF3F8-D548-4FCB-AB9D-468572592503}.Debug|Any CPU.ActiveCfg = Debug|Any CPU
		{95CDF3F8-D548-4FCB-AB9D-468572592503}.Debug|Any CPU.Build.0 = Debug|Any CPU
		{95CDF3F8-D548-4FCB-AB9D-468572592503}.Debug|x64.ActiveCfg = Debug|Any CPU
		{95CDF3F8-D548-4FCB-AB9D-468572592503}.Debug|x64.Build.0 = Debug|Any CPU
		{95CDF3F8-D548-4FCB-AB9D-468572592503}.Debug|x86.ActiveCfg = Debug|Any CPU
		{95CDF3F8-D548-4FCB-AB9D-468572592503}.Debug|x86.Build.0 = Debug|Any CPU
		{95CDF3F8-D548-4FCB-AB9D-468572592503}.Release|Any CPU.ActiveCfg = Release|Any CPU
		{95CDF3F8-D548-4FCB-AB9D-468572592503}.Release|Any CPU.Build.0 = Release|Any CPU
		{95CDF3F8-D548-4FCB-AB9D-468572592503}.Release|x64.ActiveCfg = Release|Any CPU
		{95CDF3F8-D548-4FCB-AB9D-468572592503}.Release|x64.Build.0 = Release|Any CPU
		{95CDF3F8-D548-4FCB-AB9D-468572592503}.Release|x86.ActiveCfg = Release|Any CPU
		{95CDF3F8-D548-4FCB-AB9D-468572592503}.Release|x86.Build.0 = Release|Any CPU
	EndGlobalSection
	GlobalSection(SolutionProperties) = preSolution
		HideSolutionNode = FALSE
	EndGlobalSection
	GlobalSection(NestedProjects) = preSolution
		{E9FF05EB-6DE5-48E2-A748-1ED5A1CE9E72} = {827E0CD3-B72D-47B6-A68D-7590B98EB39B}
		{945BE7FA-B206-492A-9979-CD4760A6B982} = {827E0CD3-B72D-47B6-A68D-7590B98EB39B}
		{5B0A773B-5D16-47A2-8850-795EA3FC2B36} = {827E0CD3-B72D-47B6-A68D-7590B98EB39B}
		{9A110708-9BEE-44E9-9052-E74FCE650BD9} = {827E0CD3-B72D-47B6-A68D-7590B98EB39B}
		{BC0C2E07-2290-4F5D-B765-1F07AEBBAFCB} = {827E0CD3-B72D-47B6-A68D-7590B98EB39B}
		{D08679AC-05C3-4F4A-BC28-EEEB9C165F29} = {827E0CD3-B72D-47B6-A68D-7590B98EB39B}
		{A033E0B2-6B98-4050-81DD-5A1770130775} = {827E0CD3-B72D-47B6-A68D-7590B98EB39B}
		{BED1F24A-E5F8-4D7D-A1FE-A3595E2667F2} = {827E0CD3-B72D-47B6-A68D-7590B98EB39B}
		{EFED1732-AD70-45F8-9EC3-AFDF0858A8F1} = {0AB3BF05-4346-4AA6-1389-037BE0695223}
		{5135DEFD-F9DE-419D-B77B-97EEEF8D1D8A} = {0AB3BF05-4346-4AA6-1389-037BE0695223}
		{95CDF3F8-D548-4FCB-AB9D-468572592503} = {0AB3BF05-4346-4AA6-1389-037BE0695223}
	EndGlobalSection
EndGlobal
